// !$*UTF8*$!
{
	archiveVersion = 1;
	classes = {
	};
	objectVersion = 46;
	objects = {

/* Begin PBXBuildFile section */
		DBBFF21B1BE8ACF500C4C511 /* AppDelegate.swift in Sources */ = {isa = PBXBuildFile; fileRef = DBBFF21A1BE8ACF500C4C511 /* AppDelegate.swift */; };
		DBBFF21D1BE8ACF500C4C511 /* ViewController.swift in Sources */ = {isa = PBXBuildFile; fileRef = DBBFF21C1BE8ACF500C4C511 /* ViewController.swift */; };
		DBBFF2201BE8ACF500C4C511 /* Main.storyboard in Resources */ = {isa = PBXBuildFile; fileRef = DBBFF21E1BE8ACF500C4C511 /* Main.storyboard */; };
		DBBFF2221BE8ACF500C4C511 /* Assets.xcassets in Resources */ = {isa = PBXBuildFile; fileRef = DBBFF2211BE8ACF500C4C511 /* Assets.xcassets */; };
		DBBFF2251BE8ACF500C4C511 /* LaunchScreen.storyboard in Resources */ = {isa = PBXBuildFile; fileRef = DBBFF2231BE8ACF500C4C511 /* LaunchScreen.storyboard */; };
		DBBFF2301BE8ACF500C4C511 /* MapViewTests.swift in Sources */ = {isa = PBXBuildFile; fileRef = DBBFF22F1BE8ACF500C4C511 /* MapViewTests.swift */; };
		DBBFF23B1BE8ACF500C4C511 /* MapViewUITests.swift in Sources */ = {isa = PBXBuildFile; fileRef = DBBFF23A1BE8ACF500C4C511 /* MapViewUITests.swift */; };
/* End PBXBuildFile section */

/* Begin PBXContainerItemProxy section */
		DBBFF22C1BE8ACF500C4C511 /* PBXContainerItemProxy */ = {
			isa = PBXContainerItemProxy;
			containerPortal = DBBFF20F1BE8ACF500C4C511 /* Project object */;
			proxyType = 1;
			remoteGlobalIDString = DBBFF2161BE8ACF500C4C511;
			remoteInfo = MapView;
		};
		DBBFF2371BE8ACF500C4C511 /* PBXContainerItemProxy */ = {
			isa = PBXContainerItemProxy;
			containerPortal = DBBFF20F1BE8ACF500C4C511 /* Project object */;
			proxyType = 1;
			remoteGlobalIDString = DBBFF2161BE8ACF500C4C511;
			remoteInfo = MapView;
		};
/* End PBXContainerItemProxy section */

/* Begin PBXFileReference section */
		DBBFF2171BE8ACF500C4C511 /* MapView.app */ = {isa = PBXFileReference; explicitFileType = wrapper.application; includeInIndex = 0; path = MapView.app; sourceTree = BUILT_PRODUCTS_DIR; };
		DBBFF21A1BE8ACF500C4C511 /* AppDelegate.swift */ = {isa = PBXFileReference; lastKnownFileType = sourcecode.swift; path = AppDelegate.swift; sourceTree = "<group>"; };
		DBBFF21C1BE8ACF500C4C511 /* ViewController.swift */ = {isa = PBXFileReference; lastKnownFileType = sourcecode.swift; path = ViewController.swift; sourceTree = "<group>"; };
		DBBFF21F1BE8ACF500C4C511 /* Base */ = {isa = PBXFileReference; lastKnownFileType = file.storyboard; name = Base; path = Base.lproj/Main.storyboard; sourceTree = "<group>"; };
		DBBFF2211BE8ACF500C4C511 /* Assets.xcassets */ = {isa = PBXFileReference; lastKnownFileType = folder.assetcatalog; path = Assets.xcassets; sourceTree = "<group>"; };
		DBBFF2241BE8ACF500C4C511 /* Base */ = {isa = PBXFileReference; lastKnownFileType = file.storyboard; name = Base; path = Base.lproj/LaunchScreen.storyboard; sourceTree = "<group>"; };
		DBBFF2261BE8ACF500C4C511 /* Info.plist */ = {isa = PBXFileReference; lastKnownFileType = text.plist.xml; path = Info.plist; sourceTree = "<group>"; };
		DBBFF22B1BE8ACF500C4C511 /* MapViewTests.xctest */ = {isa = PBXFileReference; explicitFileType = wrapper.cfbundle; includeInIndex = 0; path = MapViewTests.xctest; sourceTree = BUILT_PRODUCTS_DIR; };
		DBBFF22F1BE8ACF500C4C511 /* MapViewTests.swift */ = {isa = PBXFileReference; lastKnownFileType = sourcecode.swift; path = MapViewTests.swift; sourceTree = "<group>"; };
		DBBFF2311BE8ACF500C4C511 /* Info.plist */ = {isa = PBXFileReference; lastKnownFileType = text.plist.xml; path = Info.plist; sourceTree = "<group>"; };
		DBBFF2361BE8ACF500C4C511 /* MapViewUITests.xctest */ = {isa = PBXFileReference; explicitFileType = wrapper.cfbundle; includeInIndex = 0; path = MapViewUITests.xctest; sourceTree = BUILT_PRODUCTS_DIR; };
		DBBFF23A1BE8ACF500C4C511 /* MapViewUITests.swift */ = {isa = PBXFileReference; lastKnownFileType = sourcecode.swift; path = MapViewUITests.swift; sourceTree = "<group>"; };
		DBBFF23C1BE8ACF500C4C511 /* Info.plist */ = {isa = PBXFileReference; lastKnownFileType = text.plist.xml; path = Info.plist; sourceTree = "<group>"; };
/* End PBXFileReference section */

/* Begin PBXFrameworksBuildPhase section */
		DBBFF2141BE8ACF500C4C511 /* Frameworks */ = {
			isa = PBXFrameworksBuildPhase;
			buildActionMask = 2147483647;
			files = (
			);
			runOnlyForDeploymentPostprocessing = 0;
		};
		DBBFF2281BE8ACF500C4C511 /* Frameworks */ = {
			isa = PBXFrameworksBuildPhase;
			buildActionMask = 2147483647;
			files = (
			);
			runOnlyForDeploymentPostprocessing = 0;
		};
		DBBFF2331BE8ACF500C4C511 /* Frameworks */ = {
			isa = PBXFrameworksBuildPhase;
			buildActionMask = 2147483647;
			files = (
			);
			runOnlyForDeploymentPostprocessing = 0;
		};
/* End PBXFrameworksBuildPhase section */

/* Begin PBXGroup section */
		DBBFF20E1BE8ACF500C4C511 = {
			isa = PBXGroup;
			children = (
				DBBFF2191BE8ACF500C4C511 /* MapView */,
				DBBFF22E1BE8ACF500C4C511 /* MapViewTests */,
				DBBFF2391BE8ACF500C4C511 /* MapViewUITests */,
				DBBFF2181BE8ACF500C4C511 /* Products */,
			);
			sourceTree = "<group>";
		};
		DBBFF2181BE8ACF500C4C511 /* Products */ = {
			isa = PBXGroup;
			children = (
				DBBFF2171BE8ACF500C4C511 /* MapView.app */,
				DBBFF22B1BE8ACF500C4C511 /* MapViewTests.xctest */,
				DBBFF2361BE8ACF500C4C511 /* MapViewUITests.xctest */,
			);
			name = Products;
			sourceTree = "<group>";
		};
		DBBFF2191BE8ACF500C4C511 /* MapView */ = {
			isa = PBXGroup;
			children = (
				DBBFF21A1BE8ACF500C4C511 /* AppDelegate.swift */,
				DBBFF21C1BE8ACF500C4C511 /* ViewController.swift */,
				DBBFF21E1BE8ACF500C4C511 /* Main.storyboard */,
				DBBFF2211BE8ACF500C4C511 /* Assets.xcassets */,
				DBBFF2231BE8ACF500C4C511 /* LaunchScreen.storyboard */,
				DBBFF2261BE8ACF500C4C511 /* Info.plist */,
			);
			path = MapView;
			sourceTree = "<group>";
		};
		DBBFF22E1BE8ACF500C4C511 /* MapViewTests */ = {
			isa = PBXGroup;
			children = (
				DBBFF22F1BE8ACF500C4C511 /* MapViewTests.swift */,
				DBBFF2311BE8ACF500C4C511 /* Info.plist */,
			);
			path = MapViewTests;
			sourceTree = "<group>";
		};
		DBBFF2391BE8ACF500C4C511 /* MapViewUITests */ = {
			isa = PBXGroup;
			children = (
				DBBFF23A1BE8ACF500C4C511 /* MapViewUITests.swift */,
				DBBFF23C1BE8ACF500C4C511 /* Info.plist */,
			);
			path = MapViewUITests;
			sourceTree = "<group>";
		};
/* End PBXGroup section */

/* Begin PBXNativeTarget section */
		DBBFF2161BE8ACF500C4C511 /* MapView */ = {
			isa = PBXNativeTarget;
			buildConfigurationList = DBBFF23F1BE8ACF500C4C511 /* Build configuration list for PBXNativeTarget "MapView" */;
			buildPhases = (
				DBBFF2131BE8ACF500C4C511 /* Sources */,
				DBBFF2141BE8ACF500C4C511 /* Frameworks */,
				DBBFF2151BE8ACF500C4C511 /* Resources */,
			);
			buildRules = (
			);
			dependencies = (
			);
			name = MapView;
			productName = MapView;
			productReference = DBBFF2171BE8ACF500C4C511 /* MapView.app */;
			productType = "com.apple.product-type.application";
		};
		DBBFF22A1BE8ACF500C4C511 /* MapViewTests */ = {
			isa = PBXNativeTarget;
			buildConfigurationList = DBBFF2421BE8ACF500C4C511 /* Build configuration list for PBXNativeTarget "MapViewTests" */;
			buildPhases = (
				DBBFF2271BE8ACF500C4C511 /* Sources */,
				DBBFF2281BE8ACF500C4C511 /* Frameworks */,
				DBBFF2291BE8ACF500C4C511 /* Resources */,
			);
			buildRules = (
			);
			dependencies = (
				DBBFF22D1BE8ACF500C4C511 /* PBXTargetDependency */,
			);
			name = MapViewTests;
			productName = MapViewTests;
			productReference = DBBFF22B1BE8ACF500C4C511 /* MapViewTests.xctest */;
			productType = "com.apple.product-type.bundle.unit-test";
		};
		DBBFF2351BE8ACF500C4C511 /* MapViewUITests */ = {
			isa = PBXNativeTarget;
			buildConfigurationList = DBBFF2451BE8ACF500C4C511 /* Build configuration list for PBXNativeTarget "MapViewUITests" */;
			buildPhases = (
				DBBFF2321BE8ACF500C4C511 /* Sources */,
				DBBFF2331BE8ACF500C4C511 /* Frameworks */,
				DBBFF2341BE8ACF500C4C511 /* Resources */,
			);
			buildRules = (
			);
			dependencies = (
				DBBFF2381BE8ACF500C4C511 /* PBXTargetDependency */,
			);
			name = MapViewUITests;
			productName = MapViewUITests;
			productReference = DBBFF2361BE8ACF500C4C511 /* MapViewUITests.xctest */;
			productType = "com.apple.product-type.bundle.ui-testing";
		};
/* End PBXNativeTarget section */

/* Begin PBXProject section */
		DBBFF20F1BE8ACF500C4C511 /* Project object */ = {
			isa = PBXProject;
			attributes = {
				LastUpgradeCheck = 0700;
				ORGANIZATIONNAME = "Jason Zion";
				TargetAttributes = {
					DBBFF2161BE8ACF500C4C511 = {
						CreatedOnToolsVersion = 7.0.1;
					};
					DBBFF22A1BE8ACF500C4C511 = {
						CreatedOnToolsVersion = 7.0.1;
						TestTargetID = DBBFF2161BE8ACF500C4C511;
					};
					DBBFF2351BE8ACF500C4C511 = {
						CreatedOnToolsVersion = 7.0.1;
						TestTargetID = DBBFF2161BE8ACF500C4C511;
					};
				};
			};
			buildConfigurationList = DBBFF2121BE8ACF500C4C511 /* Build configuration list for PBXProject "MapView" */;
			compatibilityVersion = "Xcode 3.2";
			developmentRegion = English;
			hasScannedForEncodings = 0;
			knownRegions = (
				en,
				Base,
			);
			mainGroup = DBBFF20E1BE8ACF500C4C511;
			productRefGroup = DBBFF2181BE8ACF500C4C511 /* Products */;
			projectDirPath = "";
			projectRoot = "";
			targets = (
				DBBFF2161BE8ACF500C4C511 /* MapView */,
				DBBFF22A1BE8ACF500C4C511 /* MapViewTests */,
				DBBFF2351BE8ACF500C4C511 /* MapViewUITests */,
			);
		};
/* End PBXProject section */

/* Begin PBXResourcesBuildPhase section */
		DBBFF2151BE8ACF500C4C511 /* Resources */ = {
			isa = PBXResourcesBuildPhase;
			buildActionMask = 2147483647;
			files = (
				DBBFF2251BE8ACF500C4C511 /* LaunchScreen.storyboard in Resources */,
				DBBFF2221BE8ACF500C4C511 /* Assets.xcassets in Resources */,
				DBBFF2201BE8ACF500C4C511 /* Main.storyboard in Resources */,
			);
			runOnlyForDeploymentPostprocessing = 0;
		};
		DBBFF2291BE8ACF500C4C511 /* Resources */ = {
			isa = PBXResourcesBuildPhase;
			buildActionMask = 2147483647;
			files = (
			);
			runOnlyForDeploymentPostprocessing = 0;
		};
		DBBFF2341BE8ACF500C4C511 /* Resources */ = {
			isa = PBXResourcesBuildPhase;
			buildActionMask = 2147483647;
			files = (
			);
			runOnlyForDeploymentPostprocessing = 0;
		};
/* End PBXResourcesBuildPhase section */

/* Begin PBXSourcesBuildPhase section */
		DBBFF2131BE8ACF500C4C511 /* Sources */ = {
			isa = PBXSourcesBuildPhase;
			buildActionMask = 2147483647;
			files = (
				DBBFF21D1BE8ACF500C4C511 /* ViewController.swift in Sources */,
				DBBFF21B1BE8ACF500C4C511 /* AppDelegate.swift in Sources */,
			);
			runOnlyForDeploymentPostprocessing = 0;
		};
		DBBFF2271BE8ACF500C4C511 /* Sources */ = {
			isa = PBXSourcesBuildPhase;
			buildActionMask = 2147483647;
			files = (
				DBBFF2301BE8ACF500C4C511 /* MapViewTests.swift in Sources */,
			);
			runOnlyForDeploymentPostprocessing = 0;
		};
		DBBFF2321BE8ACF500C4C511 /* Sources */ = {
			isa = PBXSourcesBuildPhase;
			buildActionMask = 2147483647;
			files = (
				DBBFF23B1BE8ACF500C4C511 /* MapViewUITests.swift in Sources */,
			);
			runOnlyForDeploymentPostprocessing = 0;
		};
/* End PBXSourcesBuildPhase section */

/* Begin PBXTargetDependency section */
		DBBFF22D1BE8ACF500C4C511 /* PBXTargetDependency */ = {
			isa = PBXTargetDependency;
			target = DBBFF2161BE8ACF500C4C511 /* MapView */;
			targetProxy = DBBFF22C1BE8ACF500C4C511 /* PBXContainerItemProxy */;
		};
		DBBFF2381BE8ACF500C4C511 /* PBXTargetDependency */ = {
			isa = PBXTargetDependency;
			target = DBBFF2161BE8ACF500C4C511 /* MapView */;
			targetProxy = DBBFF2371BE8ACF500C4C511 /* PBXContainerItemProxy */;
		};
/* End PBXTargetDependency section */

/* Begin PBXVariantGroup section */
		DBBFF21E1BE8ACF500C4C511 /* Main.storyboard */ = {
			isa = PBXVariantGroup;
			children = (
				DBBFF21F1BE8ACF500C4C511 /* Base */,
			);
			name = Main.storyboard;
			sourceTree = "<group>";
		};
		DBBFF2231BE8ACF500C4C511 /* LaunchScreen.storyboard */ = {
			isa = PBXVariantGroup;
			children = (
				DBBFF2241BE8ACF500C4C511 /* Base */,
			);
			name = LaunchScreen.storyboard;
			sourceTree = "<group>";
		};
/* End PBXVariantGroup section */

/* Begin XCBuildConfiguration section */
		DBBFF23D1BE8ACF500C4C511 /* Debug */ = {
			isa = XCBuildConfiguration;
			buildSettings = {
				ALWAYS_SEARCH_USER_PATHS = NO;
				CLANG_CXX_LANGUAGE_STANDARD = "gnu++0x";
				CLANG_CXX_LIBRARY = "libc++";
				CLANG_ENABLE_MODULES = YES;
				CLANG_ENABLE_OBJC_ARC = YES;
				CLANG_WARN_BOOL_CONVERSION = YES;
				CLANG_WARN_CONSTANT_CONVERSION = YES;
				CLANG_WARN_DIRECT_OBJC_ISA_USAGE = YES_ERROR;
				CLANG_WARN_EMPTY_BODY = YES;
				CLANG_WARN_ENUM_CONVERSION = YES;
				CLANG_WARN_INT_CONVERSION = YES;
				CLANG_WARN_OBJC_ROOT_CLASS = YES_ERROR;
				CLANG_WARN_UNREACHABLE_CODE = YES;
				CLANG_WARN__DUPLICATE_METHOD_MATCH = YES;
				"CODE_SIGN_IDENTITY[sdk=iphoneos*]" = "iPhone Developer";
				COPY_PHASE_STRIP = NO;
				DEBUG_INFORMATION_FORMAT = dwarf;
				ENABLE_STRICT_OBJC_MSGSEND = YES;
				ENABLE_TESTABILITY = YES;
				GCC_C_LANGUAGE_STANDARD = gnu99;
				GCC_DYNAMIC_NO_PIC = NO;
				GCC_NO_COMMON_BLOCKS = YES;
				GCC_OPTIMIZATION_LEVEL = 0;
				GCC_PREPROCESSOR_DEFINITIONS = (
					"DEBUG=1",
					"$(inherited)",
				);
				GCC_WARN_64_TO_32_BIT_CONVERSION = YES;
				GCC_WARN_ABOUT_RETURN_TYPE = YES_ERROR;
				GCC_WARN_UNDECLARED_SELECTOR = YES;
				GCC_WARN_UNINITIALIZED_AUTOS = YES_AGGRESSIVE;
				GCC_WARN_UNUSED_FUNCTION = YES;
				GCC_WARN_UNUSED_VARIABLE = YES;
				IPHONEOS_DEPLOYMENT_TARGET = 9.0;
				MTL_ENABLE_DEBUG_INFO = YES;
				ONLY_ACTIVE_ARCH = YES;
				SDKROOT = iphoneos;
				SWIFT_OPTIMIZATION_LEVEL = "-Onone";
				TARGETED_DEVICE_FAMILY = "1,2";
			};
			name = Debug;
		};
		DBBFF23E1BE8ACF500C4C511 /* Release */ = {
			isa = XCBuildConfiguration;
			buildSettings = {
				ALWAYS_SEARCH_USER_PATHS = NO;
				CLANG_CXX_LANGUAGE_STANDARD = "gnu++0x";
				CLANG_CXX_LIBRARY = "libc++";
				CLANG_ENABLE_MODULES = YES;
				CLANG_ENABLE_OBJC_ARC = YES;
				CLANG_WARN_BOOL_CONVERSION = YES;
				CLANG_WARN_CONSTANT_CONVERSION = YES;
				CLANG_WARN_DIRECT_OBJC_ISA_USAGE = YES_ERROR;
				CLANG_WARN_EMPTY_BODY = YES;
				CLANG_WARN_ENUM_CONVERSION = YES;
				CLANG_WARN_INT_CONVERSION = YES;
				CLANG_WARN_OBJC_ROOT_CLASS = YES_ERROR;
				CLANG_WARN_UNREACHABLE_CODE = YES;
				CLANG_WARN__DUPLICATE_METHOD_MATCH = YES;
				"CODE_SIGN_IDENTITY[sdk=iphoneos*]" = "iPhone Developer";
				COPY_PHASE_STRIP = NO;
				DEBUG_INFORMATION_FORMAT = "dwarf-with-dsym";
				ENABLE_NS_ASSERTIONS = NO;
				ENABLE_STRICT_OBJC_MSGSEND = YES;
				GCC_C_LANGUAGE_STANDARD = gnu99;
				GCC_NO_COMMON_BLOCKS = YES;
				GCC_WARN_64_TO_32_BIT_CONVERSION = YES;
				GCC_WARN_ABOUT_RETURN_TYPE = YES_ERROR;
				GCC_WARN_UNDECLARED_SELECTOR = YES;
				GCC_WARN_UNINITIALIZED_AUTOS = YES_AGGRESSIVE;
				GCC_WARN_UNUSED_FUNCTION = YES;
				GCC_WARN_UNUSED_VARIABLE = YES;
				IPHONEOS_DEPLOYMENT_TARGET = 9.0;
				MTL_ENABLE_DEBUG_INFO = NO;
				SDKROOT = iphoneos;
				TARGETED_DEVICE_FAMILY = "1,2";
				VALIDATE_PRODUCT = YES;
			};
			name = Release;
		};
		DBBFF2401BE8ACF500C4C511 /* Debug */ = {
			isa = XCBuildConfiguration;
			buildSettings = {
				ASSETCATALOG_COMPILER_APPICON_NAME = AppIcon;
				INFOPLIST_FILE = MapView/Info.plist;
				LD_RUNPATH_SEARCH_PATHS = "$(inherited) @executable_path/Frameworks";
				PRODUCT_BUNDLE_IDENTIFIER = edu.jasonzion.MapView;
				PRODUCT_NAME = "$(TARGET_NAME)";
			};
			name = Debug;
		};
		DBBFF2411BE8ACF500C4C511 /* Release */ = {
			isa = XCBuildConfiguration;
			buildSettings = {
				ASSETCATALOG_COMPILER_APPICON_NAME = AppIcon;
				INFOPLIST_FILE = MapView/Info.plist;
				LD_RUNPATH_SEARCH_PATHS = "$(inherited) @executable_path/Frameworks";
				PRODUCT_BUNDLE_IDENTIFIER = edu.jasonzion.MapView;
				PRODUCT_NAME = "$(TARGET_NAME)";
			};
			name = Release;
		};
		DBBFF2431BE8ACF500C4C511 /* Debug */ = {
			isa = XCBuildConfiguration;
			buildSettings = {
				BUNDLE_LOADER = "$(TEST_HOST)";
				INFOPLIST_FILE = MapViewTests/Info.plist;
				LD_RUNPATH_SEARCH_PATHS = "$(inherited) @executable_path/Frameworks @loader_path/Frameworks";
				PRODUCT_BUNDLE_IDENTIFIER = edu.jasonzion.MapViewTests;
				PRODUCT_NAME = "$(TARGET_NAME)";
				TEST_HOST = "$(BUILT_PRODUCTS_DIR)/MapView.app/MapView";
			};
			name = Debug;
		};
		DBBFF2441BE8ACF500C4C511 /* Release */ = {
			isa = XCBuildConfiguration;
			buildSettings = {
				BUNDLE_LOADER = "$(TEST_HOST)";
				INFOPLIST_FILE = MapViewTests/Info.plist;
				LD_RUNPATH_SEARCH_PATHS = "$(inherited) @executable_path/Frameworks @loader_path/Frameworks";
				PRODUCT_BUNDLE_IDENTIFIER = edu.jasonzion.MapViewTests;
				PRODUCT_NAME = "$(TARGET_NAME)";
				TEST_HOST = "$(BUILT_PRODUCTS_DIR)/MapView.app/MapView";
			};
			name = Release;
		};
		DBBFF2461BE8ACF500C4C511 /* Debug */ = {
			isa = XCBuildConfiguration;
			buildSettings = {
				INFOPLIST_FILE = MapViewUITests/Info.plist;
				LD_RUNPATH_SEARCH_PATHS = "$(inherited) @executable_path/Frameworks @loader_path/Frameworks";
				PRODUCT_BUNDLE_IDENTIFIER = edu.jasonzion.MapViewUITests;
				PRODUCT_NAME = "$(TARGET_NAME)";
				TEST_TARGET_NAME = MapView;
				USES_XCTRUNNER = YES;
			};
			name = Debug;
		};
		DBBFF2471BE8ACF500C4C511 /* Release */ = {
			isa = XCBuildConfiguration;
			buildSettings = {
				INFOPLIST_FILE = MapViewUITests/Info.plist;
				LD_RUNPATH_SEARCH_PATHS = "$(inherited) @executable_path/Frameworks @loader_path/Frameworks";
				PRODUCT_BUNDLE_IDENTIFIER = edu.jasonzion.MapViewUITests;
				PRODUCT_NAME = "$(TARGET_NAME)";
				TEST_TARGET_NAME = MapView;
				USES_XCTRUNNER = YES;
			};
			name = Release;
		};
/* End XCBuildConfiguration section */

/* Begin XCConfigurationList section */
		DBBFF2121BE8ACF500C4C511 /* Build configuration list for PBXProject "MapView" */ = {
			isa = XCConfigurationList;
			buildConfigurations = (
				DBBFF23D1BE8ACF500C4C511 /* Debug */,
				DBBFF23E1BE8ACF500C4C511 /* Release */,
			);
			defaultConfigurationIsVisible = 0;
			defaultConfigurationName = Release;
		};
		DBBFF23F1BE8ACF500C4C511 /* Build configuration list for PBXNativeTarget "MapView" */ = {
			isa = XCConfigurationList;
			buildConfigurations = (
				DBBFF2401BE8ACF500C4C511 /* Debug */,
				DBBFF2411BE8ACF500C4C511 /* Release */,
			);
			defaultConfigurationIsVisible = 0;
		};
		DBBFF2421BE8ACF500C4C511 /* Build configuration list for PBXNativeTarget "MapViewTests" */ = {
			isa = XCConfigurationList;
			buildConfigurations = (
				DBBFF2431BE8ACF500C4C511 /* Debug */,
				DBBFF2441BE8ACF500C4C511 /* Release */,
			);
			defaultConfigurationIsVisible = 0;
		};
		DBBFF2451BE8ACF500C4C511 /* Build configuration list for PBXNativeTarget "MapViewUITests" */ = {
			isa = XCConfigurationList;
			buildConfigurations = (
				DBBFF2461BE8ACF500C4C511 /* Debug */,
				DBBFF2471BE8ACF500C4C511 /* Release */,
			);
			defaultConfigurationIsVisible = 0;
		};
/* End XCConfigurationList section */
	};
	rootObject = DBBFF20F1BE8ACF500C4C511 /* Project object */;
}
